
Microsoft Visual Studio Solution File, Format Version 10.00
# Visual Studio 2008
Project("{FAE04EC0-301F-11D3-BF4B-00C04F79EFBC}") = "QA.Interface", "QA.Interface\QA.Interface.csproj", "{20CEC77A-150E-46A1-B742-EA1BCC4B57EE}"
EndProject
Project("{FAE04EC0-301F-11D3-BF4B-00C04F79EFBC}") = "QA", "QA\QA.csproj", "{FF4B3FC1-969A-4794-830E-4A70BD2F22D4}"
EndProject
Project("{FAE04EC0-301F-11D3-BF4B-00C04F79EFBC}") = "QA.Content.Test", "QA.Content.Test\QA.Content.Test.csproj", "{40B0EEE9-ED73-43D0-A2A0-F0B4CE847C28}"
EndProject
Project("{FAE04EC0-301F-11D3-BF4B-00C04F79EFBC}") = "HDC.FluxQuery", "HDC.FluxQuery\HDC.FluxQuery.csproj", "{33BFFE77-944C-4E94-83DA-B1CCFDE54DEB}"
EndProject
Project("{2150E333-8FDC-42A3-9474-1A3956D46DE8}") = "HDC", "HDC", "{C79A8403-40A9-426A-A30A-DDF0198CB5CC}"
EndProject
Project("{2150E333-8FDC-42A3-9474-1A3956D46DE8}") = "Q", "Q", "{2E9B1B7E-476B-480A-A5CD-400C388DBEC9}"
EndProject
Project("{54435603-DBB4-11D2-8724-00A0C9A8B90C}") = "QAHdc", "QAHdc\QAHdc.vdproj", "{00C11828-3201-4CC8-B869-3E4344EA8589}"
EndProject
Global
	GlobalSection(SolutionConfigurationPlatforms) = preSolution
		Debug|Any CPU = Debug|Any CPU
		Release|Any CPU = Release|Any CPU
	EndGlobalSection
	GlobalSection(ProjectConfigurationPlatforms) = postSolution
		{20CEC77A-150E-46A1-B742-EA1BCC4B57EE}.Debug|Any CPU.ActiveCfg = Debug|Any CPU
		{20CEC77A-150E-46A1-B742-EA1BCC4B57EE}.Debug|Any CPU.Build.0 = Debug|Any CPU
		{20CEC77A-150E-46A1-B742-EA1BCC4B57EE}.Release|Any CPU.ActiveCfg = Release|Any CPU
		{20CEC77A-150E-46A1-B742-EA1BCC4B57EE}.Release|Any CPU.Build.0 = Release|Any CPU
		{FF4B3FC1-969A-4794-830E-4A70BD2F22D4}.Debug|Any CPU.ActiveCfg = Debug|Any CPU
		{FF4B3FC1-969A-4794-830E-4A70BD2F22D4}.Debug|Any CPU.Build.0 = Debug|Any CPU
		{FF4B3FC1-969A-4794-830E-4A70BD2F22D4}.Release|Any CPU.ActiveCfg = Release|Any CPU
		{FF4B3FC1-969A-4794-830E-4A70BD2F22D4}.Release|Any CPU.Build.0 = Release|Any CPU
		{40B0EEE9-ED73-43D0-A2A0-F0B4CE847C28}.Debug|Any CPU.ActiveCfg = Debug|Any CPU
		{40B0EEE9-ED73-43D0-A2A0-F0B4CE847C28}.Debug|Any CPU.Build.0 = Debug|Any CPU
		{40B0EEE9-ED73-43D0-A2A0-F0B4CE847C28}.Release|Any CPU.ActiveCfg = Release|Any CPU
		{40B0EEE9-ED73-43D0-A2A0-F0B4CE847C28}.Release|Any CPU.Build.0 = Release|Any CPU
		{33BFFE77-944C-4E94-83DA-B1CCFDE54DEB}.Debug|Any CPU.ActiveCfg = Debug|Any CPU
		{33BFFE77-944C-4E94-83DA-B1CCFDE54DEB}.Debug|Any CPU.Build.0 = Debug|Any CPU
		{33BFFE77-944C-4E94-83DA-B1CCFDE54DEB}.Release|Any CPU.ActiveCfg = Release|Any CPU
		{33BFFE77-944C-4E94-83DA-B1CCFDE54DEB}.Release|Any CPU.Build.0 = Release|Any CPU
		{00C11828-3201-4CC8-B869-3E4344EA8589}.Debug|Any CPU.ActiveCfg = Debug
		{00C11828-3201-4CC8-B869-3E4344EA8589}.Release|Any CPU.ActiveCfg = Release
	EndGlobalSection
	GlobalSection(SolutionProperties) = preSolution
		HideSolutionNode = FALSE
	EndGlobalSection
	GlobalSection(NestedProjects) = preSolution
		{FF4B3FC1-969A-4794-830E-4A70BD2F22D4} = {2E9B1B7E-476B-480A-A5CD-400C388DBEC9}
		{40B0EEE9-ED73-43D0-A2A0-F0B4CE847C28} = {2E9B1B7E-476B-480A-A5CD-400C388DBEC9}
		{20CEC77A-150E-46A1-B742-EA1BCC4B57EE} = {2E9B1B7E-476B-480A-A5CD-400C388DBEC9}
		{33BFFE77-944C-4E94-83DA-B1CCFDE54DEB} = {C79A8403-40A9-426A-A30A-DDF0198CB5CC}
	EndGlobalSection
EndGlobal
