
Microsoft Visual Studio Solution File, Format Version 10.00
# Visual Studio 2008
Project("{FAE04EC0-301F-11D3-BF4B-00C04F79EFBC}") = "QA.Interface", "QA.Interface\QA.Interface.csproj", "{20CEC77A-150E-46A1-B742-EA1BCC4B57EE}"
EndProject
Project("{FAE04EC0-301F-11D3-BF4B-00C04F79EFBC}") = "QA", "QA\QA.csproj", "{FF4B3FC1-969A-4794-830E-4A70BD2F22D4}"
EndProject
Project("{FAE04EC0-301F-11D3-BF4B-00C04F79EFBC}") = "QA.Content.Test", "QA.Content.Test\QA.Content.Test.csproj", "{40B0EEE9-ED73-43D0-A2A0-F0B4CE847C28}"
EndProject
Project("{FAE04EC0-301F-11D3-BF4B-00C04F79EFBC}") = "HDC.FluxQuery", "HDC.FluxQuery\HDC.FluxQuery.csproj", "{33BFFE77-944C-4E94-83DA-B1CCFDE54DEB}"
EndProject
Project("{2150E333-8FDC-42A3-9474-1A3956D46DE8}") = "HDC", "HDC", "{C79A8403-40A9-426A-A30A-DDF0198CB5CC}"
EndProject
Project("{2150E333-8FDC-42A3-9474-1A3956D46DE8}") = "Q", "Q", "{2E9B1B7E-476B-480A-A5CD-400C388DBEC9}"
EndProject
Project("{FAE04EC0-301F-11D3-BF4B-00C04F79EFBC}") = "BaiCheng", "BaiCheng\BaiCheng.csproj", "{ABF482D7-695C-46D4-B409-25E4E7BCA62F}"
EndProject
Project("{2150E333-8FDC-42A3-9474-1A3956D46DE8}") = "BC", "BC", "{6F8E6B12-9C7D-4D9E-9560-9E917ACCC5D9}"
EndProject
Project("{2150E333-8FDC-42A3-9474-1A3956D46DE8}") = "LX", "LX", "{5394387D-EEEF-4079-970C-F512522A494E}"
EndProject
Project("{FAE04EC0-301F-11D3-BF4B-00C04F79EFBC}") = "QRes", "QRes\QRes.csproj", "{D5C92484-BC43-4649-BE42-68C46AD947B8}"
EndProject
Project("{2150E333-8FDC-42A3-9474-1A3956D46DE8}") = "Setup", "Setup", "{1C38BB94-FB98-4F1C-AF89-22DAAC96A5C8}"
	ProjectSection(SolutionItems) = preProject
		LX\Setup\lx.iss = LX\Setup\lx.iss
	EndProjectSection
EndProject
Project("{FAE04EC0-301F-11D3-BF4B-00C04F79EFBC}") = "VGateQuery", "LX\VGateQuery\VGateQuery.csproj", "{8E662F76-DBDF-43E4-8E39-753F1A8F7950}"
EndProject
Project("{FAE04EC0-301F-11D3-BF4B-00C04F79EFBC}") = "VPumpQuery", "LX\VPumpQuery\VPumpQuery.csproj", "{A2C94997-194B-411A-A782-DD85F8D62E25}"
EndProject
Global
	GlobalSection(SolutionConfigurationPlatforms) = preSolution
		Debug|Any CPU = Debug|Any CPU
		Release|Any CPU = Release|Any CPU
	EndGlobalSection
	GlobalSection(ProjectConfigurationPlatforms) = postSolution
		{20CEC77A-150E-46A1-B742-EA1BCC4B57EE}.Debug|Any CPU.ActiveCfg = Debug|Any CPU
		{20CEC77A-150E-46A1-B742-EA1BCC4B57EE}.Debug|Any CPU.Build.0 = Debug|Any CPU
		{20CEC77A-150E-46A1-B742-EA1BCC4B57EE}.Release|Any CPU.ActiveCfg = Release|Any CPU
		{20CEC77A-150E-46A1-B742-EA1BCC4B57EE}.Release|Any CPU.Build.0 = Release|Any CPU
		{FF4B3FC1-969A-4794-830E-4A70BD2F22D4}.Debug|Any CPU.ActiveCfg = Debug|Any CPU
		{FF4B3FC1-969A-4794-830E-4A70BD2F22D4}.Debug|Any CPU.Build.0 = Debug|Any CPU
		{FF4B3FC1-969A-4794-830E-4A70BD2F22D4}.Release|Any CPU.ActiveCfg = Release|Any CPU
		{FF4B3FC1-969A-4794-830E-4A70BD2F22D4}.Release|Any CPU.Build.0 = Release|Any CPU
		{40B0EEE9-ED73-43D0-A2A0-F0B4CE847C28}.Debug|Any CPU.ActiveCfg = Debug|Any CPU
		{40B0EEE9-ED73-43D0-A2A0-F0B4CE847C28}.Debug|Any CPU.Build.0 = Debug|Any CPU
		{40B0EEE9-ED73-43D0-A2A0-F0B4CE847C28}.Release|Any CPU.ActiveCfg = Release|Any CPU
		{40B0EEE9-ED73-43D0-A2A0-F0B4CE847C28}.Release|Any CPU.Build.0 = Release|Any CPU
		{33BFFE77-944C-4E94-83DA-B1CCFDE54DEB}.Debug|Any CPU.ActiveCfg = Debug|Any CPU
		{33BFFE77-944C-4E94-83DA-B1CCFDE54DEB}.Debug|Any CPU.Build.0 = Debug|Any CPU
		{33BFFE77-944C-4E94-83DA-B1CCFDE54DEB}.Release|Any CPU.ActiveCfg = Release|Any CPU
		{33BFFE77-944C-4E94-83DA-B1CCFDE54DEB}.Release|Any CPU.Build.0 = Release|Any CPU
		{ABF482D7-695C-46D4-B409-25E4E7BCA62F}.Debug|Any CPU.ActiveCfg = Debug|Any CPU
		{ABF482D7-695C-46D4-B409-25E4E7BCA62F}.Debug|Any CPU.Build.0 = Debug|Any CPU
		{ABF482D7-695C-46D4-B409-25E4E7BCA62F}.Release|Any CPU.ActiveCfg = Release|Any CPU
		{ABF482D7-695C-46D4-B409-25E4E7BCA62F}.Release|Any CPU.Build.0 = Release|Any CPU
		{D5C92484-BC43-4649-BE42-68C46AD947B8}.Debug|Any CPU.ActiveCfg = Debug|Any CPU
		{D5C92484-BC43-4649-BE42-68C46AD947B8}.Debug|Any CPU.Build.0 = Debug|Any CPU
		{D5C92484-BC43-4649-BE42-68C46AD947B8}.Release|Any CPU.ActiveCfg = Release|Any CPU
		{D5C92484-BC43-4649-BE42-68C46AD947B8}.Release|Any CPU.Build.0 = Release|Any CPU
		{8E662F76-DBDF-43E4-8E39-753F1A8F7950}.Debug|Any CPU.ActiveCfg = Debug|Any CPU
		{8E662F76-DBDF-43E4-8E39-753F1A8F7950}.Debug|Any CPU.Build.0 = Debug|Any CPU
		{8E662F76-DBDF-43E4-8E39-753F1A8F7950}.Release|Any CPU.ActiveCfg = Release|Any CPU
		{8E662F76-DBDF-43E4-8E39-753F1A8F7950}.Release|Any CPU.Build.0 = Release|Any CPU
		{A2C94997-194B-411A-A782-DD85F8D62E25}.Debug|Any CPU.ActiveCfg = Debug|Any CPU
		{A2C94997-194B-411A-A782-DD85F8D62E25}.Debug|Any CPU.Build.0 = Debug|Any CPU
		{A2C94997-194B-411A-A782-DD85F8D62E25}.Release|Any CPU.ActiveCfg = Release|Any CPU
		{A2C94997-194B-411A-A782-DD85F8D62E25}.Release|Any CPU.Build.0 = Release|Any CPU
	EndGlobalSection
	GlobalSection(SolutionProperties) = preSolution
		HideSolutionNode = FALSE
	EndGlobalSection
	GlobalSection(NestedProjects) = preSolution
		{FF4B3FC1-969A-4794-830E-4A70BD2F22D4} = {2E9B1B7E-476B-480A-A5CD-400C388DBEC9}
		{40B0EEE9-ED73-43D0-A2A0-F0B4CE847C28} = {2E9B1B7E-476B-480A-A5CD-400C388DBEC9}
		{20CEC77A-150E-46A1-B742-EA1BCC4B57EE} = {2E9B1B7E-476B-480A-A5CD-400C388DBEC9}
		{D5C92484-BC43-4649-BE42-68C46AD947B8} = {2E9B1B7E-476B-480A-A5CD-400C388DBEC9}
		{33BFFE77-944C-4E94-83DA-B1CCFDE54DEB} = {C79A8403-40A9-426A-A30A-DDF0198CB5CC}
		{ABF482D7-695C-46D4-B409-25E4E7BCA62F} = {6F8E6B12-9C7D-4D9E-9560-9E917ACCC5D9}
		{1C38BB94-FB98-4F1C-AF89-22DAAC96A5C8} = {5394387D-EEEF-4079-970C-F512522A494E}
		{8E662F76-DBDF-43E4-8E39-753F1A8F7950} = {5394387D-EEEF-4079-970C-F512522A494E}
		{A2C94997-194B-411A-A782-DD85F8D62E25} = {5394387D-EEEF-4079-970C-F512522A494E}
	EndGlobalSection
EndGlobal
